// !$*UTF8*$!
{
	archiveVersion = 1;
	classes = {
	};
	objectVersion = 46;
	objects = {

/* Begin PBXBuildFile section */
		C5980173042E709D665D082A /* libPods-XPTools.a in Frameworks */ = {isa = PBXBuildFile; fileRef = FE742AD6AD72D9E80108CAAB /* libPods-XPTools.a */; };
		DF3D58811ECC15CC00240746 /* AppDelegate.swift in Sources */ = {isa = PBXBuildFile; fileRef = DF3D58801ECC15CC00240746 /* AppDelegate.swift */; };
		DF3D58831ECC15CC00240746 /* ViewController.swift in Sources */ = {isa = PBXBuildFile; fileRef = DF3D58821ECC15CC00240746 /* ViewController.swift */; };
		DF3D58861ECC15CC00240746 /* Main.storyboard in Resources */ = {isa = PBXBuildFile; fileRef = DF3D58841ECC15CC00240746 /* Main.storyboard */; };
		DF3D58881ECC15CC00240746 /* Assets.xcassets in Resources */ = {isa = PBXBuildFile; fileRef = DF3D58871ECC15CC00240746 /* Assets.xcassets */; };
		DF3D588B1ECC15CC00240746 /* LaunchScreen.storyboard in Resources */ = {isa = PBXBuildFile; fileRef = DF3D58891ECC15CC00240746 /* LaunchScreen.storyboard */; };
		DF3D58931ECC15E400240746 /* Rabbit.swift in Sources */ = {isa = PBXBuildFile; fileRef = DF3D58921ECC15E400240746 /* Rabbit.swift */; };
		DF3D58951ECC41F900240746 /* BasicViewController.swift in Sources */ = {isa = PBXBuildFile; fileRef = DF3D58941ECC41F900240746 /* BasicViewController.swift */; };
		DF4CFD2A1ECD8CB200069542 /* XXModel.swift in Sources */ = {isa = PBXBuildFile; fileRef = DF4CFD291ECD8CB200069542 /* XXModel.swift */; };
		DF4CFD2D1ECDA06900069542 /* Persion.swift in Sources */ = {isa = PBXBuildFile; fileRef = DF4CFD2C1ECDA06900069542 /* Persion.swift */; };
/* End PBXBuildFile section */

/* Begin PBXFileReference section */
		16C51B3309E1965419AAA812 /* Pods-XPTools.debug.xcconfig */ = {isa = PBXFileReference; includeInIndex = 1; lastKnownFileType = text.xcconfig; name = "Pods-XPTools.debug.xcconfig"; path = "Pods/Target Support Files/Pods-XPTools/Pods-XPTools.debug.xcconfig"; sourceTree = "<group>"; };
		ACEE723383A14731DC36E56C /* Pods-XPTools.release.xcconfig */ = {isa = PBXFileReference; includeInIndex = 1; lastKnownFileType = text.xcconfig; name = "Pods-XPTools.release.xcconfig"; path = "Pods/Target Support Files/Pods-XPTools/Pods-XPTools.release.xcconfig"; sourceTree = "<group>"; };
		DF3D587D1ECC15CC00240746 /* XPTools.app */ = {isa = PBXFileReference; explicitFileType = wrapper.application; includeInIndex = 0; path = XPTools.app; sourceTree = BUILT_PRODUCTS_DIR; };
		DF3D58801ECC15CC00240746 /* AppDelegate.swift */ = {isa = PBXFileReference; lastKnownFileType = sourcecode.swift; path = AppDelegate.swift; sourceTree = "<group>"; };
		DF3D58821ECC15CC00240746 /* ViewController.swift */ = {isa = PBXFileReference; lastKnownFileType = sourcecode.swift; path = ViewController.swift; sourceTree = "<group>"; };
		DF3D58851ECC15CC00240746 /* Base */ = {isa = PBXFileReference; lastKnownFileType = file.storyboard; name = Base; path = Base.lproj/Main.storyboard; sourceTree = "<group>"; };
		DF3D58871ECC15CC00240746 /* Assets.xcassets */ = {isa = PBXFileReference; lastKnownFileType = folder.assetcatalog; path = Assets.xcassets; sourceTree = "<group>"; };
		DF3D588A1ECC15CC00240746 /* Base */ = {isa = PBXFileReference; lastKnownFileType = file.storyboard; name = Base; path = Base.lproj/LaunchScreen.storyboard; sourceTree = "<group>"; };
		DF3D588C1ECC15CC00240746 /* Info.plist */ = {isa = PBXFileReference; lastKnownFileType = text.plist.xml; path = Info.plist; sourceTree = "<group>"; };
		DF3D58921ECC15E400240746 /* Rabbit.swift */ = {isa = PBXFileReference; fileEncoding = 4; lastKnownFileType = sourcecode.swift; path = Rabbit.swift; sourceTree = "<group>"; };
		DF3D58941ECC41F900240746 /* BasicViewController.swift */ = {isa = PBXFileReference; fileEncoding = 4; lastKnownFileType = sourcecode.swift; path = BasicViewController.swift; sourceTree = "<group>"; };
		DF3D58961ECC436F00240746 /* Header.h */ = {isa = PBXFileReference; lastKnownFileType = sourcecode.c.h; path = Header.h; sourceTree = "<group>"; };
		DF4CFD291ECD8CB200069542 /* XXModel.swift */ = {isa = PBXFileReference; fileEncoding = 4; lastKnownFileType = sourcecode.swift; path = XXModel.swift; sourceTree = "<group>"; };
		DF4CFD2B1ECD91F900069542 /* PrefixHeader.pch */ = {isa = PBXFileReference; lastKnownFileType = sourcecode.c.h; path = PrefixHeader.pch; sourceTree = "<group>"; };
		DF4CFD2C1ECDA06900069542 /* Persion.swift */ = {isa = PBXFileReference; fileEncoding = 4; lastKnownFileType = sourcecode.swift; path = Persion.swift; sourceTree = "<group>"; };
		FE742AD6AD72D9E80108CAAB /* libPods-XPTools.a */ = {isa = PBXFileReference; explicitFileType = archive.ar; includeInIndex = 0; path = "libPods-XPTools.a"; sourceTree = BUILT_PRODUCTS_DIR; };
/* End PBXFileReference section */

/* Begin PBXFrameworksBuildPhase section */
		DF3D587A1ECC15CC00240746 /* Frameworks */ = {
			isa = PBXFrameworksBuildPhase;
			buildActionMask = 2147483647;
			files = (
				C5980173042E709D665D082A /* libPods-XPTools.a in Frameworks */,
			);
			runOnlyForDeploymentPostprocessing = 0;
		};
/* End PBXFrameworksBuildPhase section */

/* Begin PBXGroup section */
		32BB2FAF01DBD2203845FED4 /* Pods */ = {
			isa = PBXGroup;
			children = (
				16C51B3309E1965419AAA812 /* Pods-XPTools.debug.xcconfig */,
				ACEE723383A14731DC36E56C /* Pods-XPTools.release.xcconfig */,
			);
			name = Pods;
			sourceTree = "<group>";
		};
		389643B8D920110B0FBAA9A9 /* Frameworks */ = {
			isa = PBXGroup;
			children = (
				FE742AD6AD72D9E80108CAAB /* libPods-XPTools.a */,
			);
			name = Frameworks;
			sourceTree = "<group>";
		};
		DF3D58741ECC15CC00240746 = {
			isa = PBXGroup;
			children = (
				DF4CFD2B1ECD91F900069542 /* PrefixHeader.pch */,
				DF3D58961ECC436F00240746 /* Header.h */,
				DF3D587F1ECC15CC00240746 /* XPTools */,
				DF3D587E1ECC15CC00240746 /* Products */,
				32BB2FAF01DBD2203845FED4 /* Pods */,
				389643B8D920110B0FBAA9A9 /* Frameworks */,
			);
			sourceTree = "<group>";
		};
		DF3D587E1ECC15CC00240746 /* Products */ = {
			isa = PBXGroup;
			children = (
				DF3D587D1ECC15CC00240746 /* XPTools.app */,
			);
			name = Products;
			sourceTree = "<group>";
		};
		DF3D587F1ECC15CC00240746 /* XPTools */ = {
			isa = PBXGroup;
			children = (
				DF3D58801ECC15CC00240746 /* AppDelegate.swift */,
				DF3D58821ECC15CC00240746 /* ViewController.swift */,
				DF3D58841ECC15CC00240746 /* Main.storyboard */,
				DF3D58871ECC15CC00240746 /* Assets.xcassets */,
				DF3D58891ECC15CC00240746 /* LaunchScreen.storyboard */,
				DF3D588C1ECC15CC00240746 /* Info.plist */,
				DF3D58921ECC15E400240746 /* Rabbit.swift */,
				DF3D58941ECC41F900240746 /* BasicViewController.swift */,
				DF4CFD291ECD8CB200069542 /* XXModel.swift */,
				DF4CFD2C1ECDA06900069542 /* Persion.swift */,
			);
			path = XPTools;
			sourceTree = "<group>";
		};
/* End PBXGroup section */

/* Begin PBXNativeTarget section */
		DF3D587C1ECC15CC00240746 /* XPTools */ = {
			isa = PBXNativeTarget;
			buildConfigurationList = DF3D588F1ECC15CC00240746 /* Build configuration list for PBXNativeTarget "XPTools" */;
			buildPhases = (
				4A4083501FD774801CD16EF7 /* [CP] Check Pods Manifest.lock */,
				DF3D58791ECC15CC00240746 /* Sources */,
				DF3D587A1ECC15CC00240746 /* Frameworks */,
				DF3D587B1ECC15CC00240746 /* Resources */,
				DCDD7FACB0634396A5025A9C /* [CP] Embed Pods Frameworks */,
				FF2383BACFD6517C245E7673 /* [CP] Copy Pods Resources */,
			);
			buildRules = (
			);
			dependencies = (
			);
			name = XPTools;
			productName = XPTools;
			productReference = DF3D587D1ECC15CC00240746 /* XPTools.app */;
			productType = "com.apple.product-type.application";
		};
/* End PBXNativeTarget section */

/* Begin PBXProject section */
		DF3D58751ECC15CC00240746 /* Project object */ = {
			isa = PBXProject;
			attributes = {
				LastSwiftUpdateCheck = 0820;
				LastUpgradeCheck = 0820;
				ORGANIZATIONNAME = xpLoading;
				TargetAttributes = {
					DF3D587C1ECC15CC00240746 = {
						CreatedOnToolsVersion = 8.2.1;
						DevelopmentTeam = CGAM2DA629;
						ProvisioningStyle = Automatic;
					};
				};
			};
			buildConfigurationList = DF3D58781ECC15CC00240746 /* Build configuration list for PBXProject "XPTools" */;
			compatibilityVersion = "Xcode 3.2";
			developmentRegion = English;
			hasScannedForEncodings = 0;
			knownRegions = (
				en,
				Base,
			);
			mainGroup = DF3D58741ECC15CC00240746;
			productRefGroup = DF3D587E1ECC15CC00240746 /* Products */;
			projectDirPath = "";
			projectRoot = "";
			targets = (
				DF3D587C1ECC15CC00240746 /* XPTools */,
			);
		};
/* End PBXProject section */

/* Begin PBXResourcesBuildPhase section */
		DF3D587B1ECC15CC00240746 /* Resources */ = {
			isa = PBXResourcesBuildPhase;
			buildActionMask = 2147483647;
			files = (
				DF3D588B1ECC15CC00240746 /* LaunchScreen.storyboard in Resources */,
				DF3D58881ECC15CC00240746 /* Assets.xcassets in Resources */,
				DF3D58861ECC15CC00240746 /* Main.storyboard in Resources */,
			);
			runOnlyForDeploymentPostprocessing = 0;
		};
/* End PBXResourcesBuildPhase section */

/* Begin PBXShellScriptBuildPhase section */
		4A4083501FD774801CD16EF7 /* [CP] Check Pods Manifest.lock */ = {
			isa = PBXShellScriptBuildPhase;
			buildActionMask = 2147483647;
			files = (
			);
			inputPaths = (
			);
			name = "[CP] Check Pods Manifest.lock";
			outputPaths = (
			);
			runOnlyForDeploymentPostprocessing = 0;
			shellPath = /bin/sh;
			shellScript = "diff \"${PODS_ROOT}/../Podfile.lock\" \"${PODS_ROOT}/Manifest.lock\" > /dev/null\nif [ $? != 0 ] ; then\n    # print error to STDERR\n    echo \"error: The sandbox is not in sync with the Podfile.lock. Run 'pod install' or update your CocoaPods installation.\" >&2\n    exit 1\nfi\n";
			showEnvVarsInLog = 0;
		};
		DCDD7FACB0634396A5025A9C /* [CP] Embed Pods Frameworks */ = {
			isa = PBXShellScriptBuildPhase;
			buildActionMask = 2147483647;
			files = (
			);
			inputPaths = (
			);
			name = "[CP] Embed Pods Frameworks";
			outputPaths = (
			);
			runOnlyForDeploymentPostprocessing = 0;
			shellPath = /bin/sh;
			shellScript = "\"${SRCROOT}/Pods/Target Support Files/Pods-XPTools/Pods-XPTools-frameworks.sh\"\n";
			showEnvVarsInLog = 0;
		};
		FF2383BACFD6517C245E7673 /* [CP] Copy Pods Resources */ = {
			isa = PBXShellScriptBuildPhase;
			buildActionMask = 2147483647;
			files = (
			);
			inputPaths = (
			);
			name = "[CP] Copy Pods Resources";
			outputPaths = (
			);
			runOnlyForDeploymentPostprocessing = 0;
			shellPath = /bin/sh;
			shellScript = "\"${SRCROOT}/Pods/Target Support Files/Pods-XPTools/Pods-XPTools-resources.sh\"\n";
			showEnvVarsInLog = 0;
		};
/* End PBXShellScriptBuildPhase section */

/* Begin PBXSourcesBuildPhase section */
		DF3D58791ECC15CC00240746 /* Sources */ = {
			isa = PBXSourcesBuildPhase;
			buildActionMask = 2147483647;
			files = (
				DF3D58831ECC15CC00240746 /* ViewController.swift in Sources */,
				DF3D58951ECC41F900240746 /* BasicViewController.swift in Sources */,
				DF3D58931ECC15E400240746 /* Rabbit.swift in Sources */,
				DF3D58811ECC15CC00240746 /* AppDelegate.swift in Sources */,
				DF4CFD2D1ECDA06900069542 /* Persion.swift in Sources */,
				DF4CFD2A1ECD8CB200069542 /* XXModel.swift in Sources */,
			);
			runOnlyForDeploymentPostprocessing = 0;
		};
/* End PBXSourcesBuildPhase section */

/* Begin PBXVariantGroup section */
		DF3D58841ECC15CC00240746 /* Main.storyboard */ = {
			isa = PBXVariantGroup;
			children = (
				DF3D58851ECC15CC00240746 /* Base */,
			);
			name = Main.storyboard;
			sourceTree = "<group>";
		};
		DF3D58891ECC15CC00240746 /* LaunchScreen.storyboard */ = {
			isa = PBXVariantGroup;
			children = (
				DF3D588A1ECC15CC00240746 /* Base */,
			);
			name = LaunchScreen.storyboard;
			sourceTree = "<group>";
		};
/* End PBXVariantGroup section */

/* Begin XCBuildConfiguration section */
		DF3D588D1ECC15CC00240746 /* Debug */ = {
			isa = XCBuildConfiguration;
			buildSettings = {
				ALWAYS_SEARCH_USER_PATHS = NO;
				CLANG_ANALYZER_NONNULL = YES;
				CLANG_CXX_LANGUAGE_STANDARD = "gnu++0x";
				CLANG_CXX_LIBRARY = "libc++";
				CLANG_ENABLE_MODULES = YES;
				CLANG_ENABLE_OBJC_ARC = YES;
				CLANG_WARN_BOOL_CONVERSION = YES;
				CLANG_WARN_CONSTANT_CONVERSION = YES;
				CLANG_WARN_DIRECT_OBJC_ISA_USAGE = YES_ERROR;
				CLANG_WARN_DOCUMENTATION_COMMENTS = YES;
				CLANG_WARN_EMPTY_BODY = YES;
				CLANG_WARN_ENUM_CONVERSION = YES;
				CLANG_WARN_INFINITE_RECURSION = YES;
				CLANG_WARN_INT_CONVERSION = YES;
				CLANG_WARN_OBJC_ROOT_CLASS = YES_ERROR;
				CLANG_WARN_SUSPICIOUS_MOVE = YES;
				CLANG_WARN_UNREACHABLE_CODE = YES;
				CLANG_WARN__DUPLICATE_METHOD_MATCH = YES;
				"CODE_SIGN_IDENTITY[sdk=iphoneos*]" = "iPhone Developer";
				COPY_PHASE_STRIP = NO;
				DEBUG_INFORMATION_FORMAT = dwarf;
				ENABLE_STRICT_OBJC_MSGSEND = YES;
				ENABLE_TESTABILITY = YES;
				GCC_C_LANGUAGE_STANDARD = gnu99;
				GCC_DYNAMIC_NO_PIC = NO;
				GCC_NO_COMMON_BLOCKS = YES;
				GCC_OPTIMIZATION_LEVEL = 0;
				GCC_PREPROCESSOR_DEFINITIONS = (
					"DEBUG=1",
					"$(inherited)",
				);
				GCC_WARN_64_TO_32_BIT_CONVERSION = YES;
				GCC_WARN_ABOUT_RETURN_TYPE = YES_ERROR;
				GCC_WARN_UNDECLARED_SELECTOR = YES;
				GCC_WARN_UNINITIALIZED_AUTOS = YES_AGGRESSIVE;
				GCC_WARN_UNUSED_FUNCTION = YES;
				GCC_WARN_UNUSED_VARIABLE = YES;
				IPHONEOS_DEPLOYMENT_TARGET = 10.2;
				MTL_ENABLE_DEBUG_INFO = YES;
				ONLY_ACTIVE_ARCH = YES;
				SDKROOT = iphoneos;
				SWIFT_ACTIVE_COMPILATION_CONDITIONS = DEBUG;
				SWIFT_OPTIMIZATION_LEVEL = "-Onone";
				TARGETED_DEVICE_FAMILY = "1,2";
			};
			name = Debug;
		};
		DF3D588E1ECC15CC00240746 /* Release */ = {
			isa = XCBuildConfiguration;
			buildSettings = {
				ALWAYS_SEARCH_USER_PATHS = NO;
				CLANG_ANALYZER_NONNULL = YES;
				CLANG_CXX_LANGUAGE_STANDARD = "gnu++0x";
				CLANG_CXX_LIBRARY = "libc++";
				CLANG_ENABLE_MODULES = YES;
				CLANG_ENABLE_OBJC_ARC = YES;
				CLANG_WARN_BOOL_CONVERSION = YES;
				CLANG_WARN_CONSTANT_CONVERSION = YES;
				CLANG_WARN_DIRECT_OBJC_ISA_USAGE = YES_ERROR;
				CLANG_WARN_DOCUMENTATION_COMMENTS = YES;
				CLANG_WARN_EMPTY_BODY = YES;
				CLANG_WARN_ENUM_CONVERSION = YES;
				CLANG_WARN_INFINITE_RECURSION = YES;
				CLANG_WARN_INT_CONVERSION = YES;
				CLANG_WARN_OBJC_ROOT_CLASS = YES_ERROR;
				CLANG_WARN_SUSPICIOUS_MOVE = YES;
				CLANG_WARN_UNREACHABLE_CODE = YES;
				CLANG_WARN__DUPLICATE_METHOD_MATCH = YES;
				"CODE_SIGN_IDENTITY[sdk=iphoneos*]" = "iPhone Developer";
				COPY_PHASE_STRIP = NO;
				DEBUG_INFORMATION_FORMAT = "dwarf-with-dsym";
				ENABLE_NS_ASSERTIONS = NO;
				ENABLE_STRICT_OBJC_MSGSEND = YES;
				GCC_C_LANGUAGE_STANDARD = gnu99;
				GCC_NO_COMMON_BLOCKS = YES;
				GCC_WARN_64_TO_32_BIT_CONVERSION = YES;
				GCC_WARN_ABOUT_RETURN_TYPE = YES_ERROR;
				GCC_WARN_UNDECLARED_SELECTOR = YES;
				GCC_WARN_UNINITIALIZED_AUTOS = YES_AGGRESSIVE;
				GCC_WARN_UNUSED_FUNCTION = YES;
				GCC_WARN_UNUSED_VARIABLE = YES;
				IPHONEOS_DEPLOYMENT_TARGET = 10.2;
				MTL_ENABLE_DEBUG_INFO = NO;
				SDKROOT = iphoneos;
				SWIFT_OPTIMIZATION_LEVEL = "-Owholemodule";
				TARGETED_DEVICE_FAMILY = "1,2";
				VALIDATE_PRODUCT = YES;
			};
			name = Release;
		};
		DF3D58901ECC15CC00240746 /* Debug */ = {
			isa = XCBuildConfiguration;
			baseConfigurationReference = 16C51B3309E1965419AAA812 /* Pods-XPTools.debug.xcconfig */;
			buildSettings = {
				ASSETCATALOG_COMPILER_APPICON_NAME = AppIcon;
				DEVELOPMENT_TEAM = CGAM2DA629;
				INFOPLIST_FILE = XPTools/Info.plist;
				LD_RUNPATH_SEARCH_PATHS = "$(inherited) @executable_path/Frameworks";
				PRODUCT_BUNDLE_IDENTIFIER = cn.iluckyday.XPTools;
				PRODUCT_NAME = "$(TARGET_NAME)";
				SWIFT_OBJC_BRIDGING_HEADER = "$(SRCROOT)/Header.h";
				SWIFT_VERSION = 3.0;
			};
			name = Debug;
		};
		DF3D58911ECC15CC00240746 /* Release */ = {
			isa = XCBuildConfiguration;
			baseConfigurationReference = ACEE723383A14731DC36E56C /* Pods-XPTools.release.xcconfig */;
			buildSettings = {
				ASSETCATALOG_COMPILER_APPICON_NAME = AppIcon;
				DEVELOPMENT_TEAM = CGAM2DA629;
				INFOPLIST_FILE = XPTools/Info.plist;
				LD_RUNPATH_SEARCH_PATHS = "$(inherited) @executable_path/Frameworks";
				PRODUCT_BUNDLE_IDENTIFIER = cn.iluckyday.XPTools;
				PRODUCT_NAME = "$(TARGET_NAME)";
				SWIFT_OBJC_BRIDGING_HEADER = "$(SRCROOT)/Header.h";
				SWIFT_VERSION = 3.0;
			};
			name = Release;
		};
/* End XCBuildConfiguration section */

/* Begin XCConfigurationList section */
		DF3D58781ECC15CC00240746 /* Build configuration list for PBXProject "XPTools" */ = {
			isa = XCConfigurationList;
			buildConfigurations = (
				DF3D588D1ECC15CC00240746 /* Debug */,
				DF3D588E1ECC15CC00240746 /* Release */,
			);
			defaultConfigurationIsVisible = 0;
			defaultConfigurationName = Release;
		};
		DF3D588F1ECC15CC00240746 /* Build configuration list for PBXNativeTarget "XPTools" */ = {
			isa = XCConfigurationList;
			buildConfigurations = (
				DF3D58901ECC15CC00240746 /* Debug */,
				DF3D58911ECC15CC00240746 /* Release */,
			);
			defaultConfigurationIsVisible = 0;
			defaultConfigurationName = Release;
		};
/* End XCConfigurationList section */
	};
	rootObject = DF3D58751ECC15CC00240746 /* Project object */;
}
